
Microsoft Visual Studio Solution File, Format Version 11.00
# Visual Studio 2010
Project("{FAE04EC0-301F-11D3-BF4B-00C04F79EFBC}") = "TCPChannel", "TCPChannel\TCPChannel.csproj", "{F7600589-35CF-4B26-B664-E96171AB79FB}"
EndProject
Global
	GlobalSection(SolutionConfigurationPlatforms) = preSolution
		Debug|Any CPU = Debug|Any CPU
		Release|Any CPU = Release|Any CPU
	EndGlobalSection
	GlobalSection(ProjectConfigurationPlatforms) = postSolution
		{F7600589-35CF-4B26-B664-E96171AB79FB}.Debug|Any CPU.ActiveCfg = Debug|Any CPU
		{F7600589-35CF-4B26-B664-E96171AB79FB}.Debug|Any CPU.Build.0 = Debug|Any CPU
		{F7600589-35CF-4B26-B664-E96171AB79FB}.Release|Any CPU.ActiveCfg = Release|Any CPU
		{F7600589-35CF-4B26-B664-E96171AB79FB}.Release|Any CPU.Build.0 = Release|Any CPU
	EndGlobalSection
	GlobalSection(SolutionProperties) = preSolution
		HideSolutionNode = FALSE
	EndGlobalSection
EndGlobal
