
Microsoft Visual Studio Solution File, Format Version 11.00
# Visual Studio 2010
Project("{FAE04EC0-301F-11D3-BF4B-00C04F79EFBC}") = "TCPChannel", "TCPChannel\TCPChannel.csproj", "{F7600589-35CF-4B26-B664-E96171AB79FB}"
EndProject
Project("{FAE04EC0-301F-11D3-BF4B-00C04F79EFBC}") = "TCPChannelTest", "TCPChannelTest\TCPChannelTest.csproj", "{27D505A5-0A79-4E5C-9210-6EF33B04B3F0}"
EndProject
Project("{2150E333-8FDC-42A3-9474-1A3956D46DE8}") = "Solution Items", "Solution Items", "{51487930-8E0F-4477-AD8A-35B7902C5E59}"
	ProjectSection(SolutionItems) = preProject
		Local.testsettings = Local.testsettings
		TCPChannel.vsmdi = TCPChannel.vsmdi
		TraceAndTestImpact.testsettings = TraceAndTestImpact.testsettings
	EndProjectSection
EndProject
Project("{FAE04EC0-301F-11D3-BF4B-00C04F79EFBC}") = "TCPServer", "TCPServer\TCPServer.csproj", "{F8EAE24E-BD37-4291-823F-F0FF69E61168}"
EndProject
Project("{FAE04EC0-301F-11D3-BF4B-00C04F79EFBC}") = "TCPClient", "TCPClient\TCPClient.csproj", "{DD27C4CC-97D6-4572-8FE0-1A1BAC12A185}"
EndProject
Global
	GlobalSection(TestCaseManagementSettings) = postSolution
		CategoryFile = TCPChannel.vsmdi
	EndGlobalSection
	GlobalSection(SolutionConfigurationPlatforms) = preSolution
		Debug|Any CPU = Debug|Any CPU
		Debug|Mixed Platforms = Debug|Mixed Platforms
		Debug|x86 = Debug|x86
		Release|Any CPU = Release|Any CPU
		Release|Mixed Platforms = Release|Mixed Platforms
		Release|x86 = Release|x86
	EndGlobalSection
	GlobalSection(ProjectConfigurationPlatforms) = postSolution
		{F7600589-35CF-4B26-B664-E96171AB79FB}.Debug|Any CPU.ActiveCfg = Debug|Any CPU
		{F7600589-35CF-4B26-B664-E96171AB79FB}.Debug|Any CPU.Build.0 = Debug|Any CPU
		{F7600589-35CF-4B26-B664-E96171AB79FB}.Debug|Mixed Platforms.ActiveCfg = Debug|Any CPU
		{F7600589-35CF-4B26-B664-E96171AB79FB}.Debug|Mixed Platforms.Build.0 = Debug|Any CPU
		{F7600589-35CF-4B26-B664-E96171AB79FB}.Debug|x86.ActiveCfg = Debug|Any CPU
		{F7600589-35CF-4B26-B664-E96171AB79FB}.Release|Any CPU.ActiveCfg = Release|Any CPU
		{F7600589-35CF-4B26-B664-E96171AB79FB}.Release|Any CPU.Build.0 = Release|Any CPU
		{F7600589-35CF-4B26-B664-E96171AB79FB}.Release|Mixed Platforms.ActiveCfg = Release|Any CPU
		{F7600589-35CF-4B26-B664-E96171AB79FB}.Release|Mixed Platforms.Build.0 = Release|Any CPU
		{F7600589-35CF-4B26-B664-E96171AB79FB}.Release|x86.ActiveCfg = Release|Any CPU
		{27D505A5-0A79-4E5C-9210-6EF33B04B3F0}.Debug|Any CPU.ActiveCfg = Debug|Any CPU
		{27D505A5-0A79-4E5C-9210-6EF33B04B3F0}.Debug|Any CPU.Build.0 = Debug|Any CPU
		{27D505A5-0A79-4E5C-9210-6EF33B04B3F0}.Debug|Mixed Platforms.ActiveCfg = Debug|Any CPU
		{27D505A5-0A79-4E5C-9210-6EF33B04B3F0}.Debug|Mixed Platforms.Build.0 = Debug|Any CPU
		{27D505A5-0A79-4E5C-9210-6EF33B04B3F0}.Debug|x86.ActiveCfg = Debug|Any CPU
		{27D505A5-0A79-4E5C-9210-6EF33B04B3F0}.Release|Any CPU.ActiveCfg = Release|Any CPU
		{27D505A5-0A79-4E5C-9210-6EF33B04B3F0}.Release|Any CPU.Build.0 = Release|Any CPU
		{27D505A5-0A79-4E5C-9210-6EF33B04B3F0}.Release|Mixed Platforms.ActiveCfg = Release|Any CPU
		{27D505A5-0A79-4E5C-9210-6EF33B04B3F0}.Release|Mixed Platforms.Build.0 = Release|Any CPU
		{27D505A5-0A79-4E5C-9210-6EF33B04B3F0}.Release|x86.ActiveCfg = Release|Any CPU
		{F8EAE24E-BD37-4291-823F-F0FF69E61168}.Debug|Any CPU.ActiveCfg = Debug|x86
		{F8EAE24E-BD37-4291-823F-F0FF69E61168}.Debug|Mixed Platforms.ActiveCfg = Debug|x86
		{F8EAE24E-BD37-4291-823F-F0FF69E61168}.Debug|Mixed Platforms.Build.0 = Debug|x86
		{F8EAE24E-BD37-4291-823F-F0FF69E61168}.Debug|x86.ActiveCfg = Debug|x86
		{F8EAE24E-BD37-4291-823F-F0FF69E61168}.Debug|x86.Build.0 = Debug|x86
		{F8EAE24E-BD37-4291-823F-F0FF69E61168}.Release|Any CPU.ActiveCfg = Release|x86
		{F8EAE24E-BD37-4291-823F-F0FF69E61168}.Release|Mixed Platforms.ActiveCfg = Release|x86
		{F8EAE24E-BD37-4291-823F-F0FF69E61168}.Release|Mixed Platforms.Build.0 = Release|x86
		{F8EAE24E-BD37-4291-823F-F0FF69E61168}.Release|x86.ActiveCfg = Release|x86
		{F8EAE24E-BD37-4291-823F-F0FF69E61168}.Release|x86.Build.0 = Release|x86
		{DD27C4CC-97D6-4572-8FE0-1A1BAC12A185}.Debug|Any CPU.ActiveCfg = Debug|x86
		{DD27C4CC-97D6-4572-8FE0-1A1BAC12A185}.Debug|Mixed Platforms.ActiveCfg = Debug|x86
		{DD27C4CC-97D6-4572-8FE0-1A1BAC12A185}.Debug|Mixed Platforms.Build.0 = Debug|x86
		{DD27C4CC-97D6-4572-8FE0-1A1BAC12A185}.Debug|x86.ActiveCfg = Debug|x86
		{DD27C4CC-97D6-4572-8FE0-1A1BAC12A185}.Debug|x86.Build.0 = Debug|x86
		{DD27C4CC-97D6-4572-8FE0-1A1BAC12A185}.Release|Any CPU.ActiveCfg = Release|x86
		{DD27C4CC-97D6-4572-8FE0-1A1BAC12A185}.Release|Mixed Platforms.ActiveCfg = Release|x86
		{DD27C4CC-97D6-4572-8FE0-1A1BAC12A185}.Release|Mixed Platforms.Build.0 = Release|x86
		{DD27C4CC-97D6-4572-8FE0-1A1BAC12A185}.Release|x86.ActiveCfg = Release|x86
		{DD27C4CC-97D6-4572-8FE0-1A1BAC12A185}.Release|x86.Build.0 = Release|x86
	EndGlobalSection
	GlobalSection(SolutionProperties) = preSolution
		HideSolutionNode = FALSE
	EndGlobalSection
EndGlobal
